
Microsoft Visual Studio Solution File, Format Version 12.00
# Visual Studio Version 16
VisualStudioVersion = 16.0.29709.97
MinimumVisualStudioVersion = 10.0.40219.1
Project("{888888A0-9F3D-457C-B088-3A5042F75D52}") = "job_Spider", "job_Spider.pyproj", "{D3AFF948-71D4-4B20-BCA7-C28561AC097E}"
EndProject
Global
	GlobalSection(SolutionConfigurationPlatforms) = preSolution
		Debug|Any CPU = Debug|Any CPU
		Release|Any CPU = Release|Any CPU
	EndGlobalSection
	GlobalSection(ProjectConfigurationPlatforms) = postSolution
		{D3AFF948-71D4-4B20-BCA7-C28561AC097E}.Debug|Any CPU.ActiveCfg = Debug|Any CPU
		{D3AFF948-71D4-4B20-BCA7-C28561AC097E}.Release|Any CPU.ActiveCfg = Release|Any CPU
	EndGlobalSection
	GlobalSection(SolutionProperties) = preSolution
		HideSolutionNode = FALSE
	EndGlobalSection
	GlobalSection(ExtensibilityGlobals) = postSolution
		SolutionGuid = {B698D5C3-F160-487A-91EF-4D87424F3E51}
	EndGlobalSection
EndGlobal
